
Microsoft Visual Studio Solution File, Format Version 12.00
# Visual Studio Version 17
VisualStudioVersion = 17.5.002.0
MinimumVisualStudioVersion = 10.0.40219.1
Project("{9A19103F-16F7-4668-BE54-9A1E7A4F7556}") = "projecthello", "projecthello.csproj", "{95D6F4D2-AEC4-46E6-A02E-FAF9C2C44B21}"
EndProject
Project("{FAE04EC0-301F-11D3-BF4B-00C04F79EFBC}") = "TestProgramm", "..\TestProgramm\TestProgramm.csproj", "{06CB5247-E84C-49A3-ADA0-EB318CC56F14}"
EndProject
Project("{FAE04EC0-301F-11D3-BF4B-00C04F79EFBC}") = "figure", "..\figure\figure.csproj", "{3FDAFA9F-17F6-4B9A-9866-07F9D535A0B3}"
EndProject
Global
	GlobalSection(SolutionConfigurationPlatforms) = preSolution
		Debug|Any CPU = Debug|Any CPU
		Release|Any CPU = Release|Any CPU
	EndGlobalSection
	GlobalSection(ProjectConfigurationPlatforms) = postSolution
		{95D6F4D2-AEC4-46E6-A02E-FAF9C2C44B21}.Debug|Any CPU.ActiveCfg = Debug|Any CPU
		{95D6F4D2-AEC4-46E6-A02E-FAF9C2C44B21}.Debug|Any CPU.Build.0 = Debug|Any CPU
		{95D6F4D2-AEC4-46E6-A02E-FAF9C2C44B21}.Release|Any CPU.ActiveCfg = Release|Any CPU
		{95D6F4D2-AEC4-46E6-A02E-FAF9C2C44B21}.Release|Any CPU.Build.0 = Release|Any CPU
		{06CB5247-E84C-49A3-ADA0-EB318CC56F14}.Debug|Any CPU.ActiveCfg = Debug|Any CPU
		{06CB5247-E84C-49A3-ADA0-EB318CC56F14}.Debug|Any CPU.Build.0 = Debug|Any CPU
		{06CB5247-E84C-49A3-ADA0-EB318CC56F14}.Release|Any CPU.ActiveCfg = Release|Any CPU
		{06CB5247-E84C-49A3-ADA0-EB318CC56F14}.Release|Any CPU.Build.0 = Release|Any CPU
		{3FDAFA9F-17F6-4B9A-9866-07F9D535A0B3}.Debug|Any CPU.ActiveCfg = Debug|Any CPU
		{3FDAFA9F-17F6-4B9A-9866-07F9D535A0B3}.Debug|Any CPU.Build.0 = Debug|Any CPU
		{3FDAFA9F-17F6-4B9A-9866-07F9D535A0B3}.Release|Any CPU.ActiveCfg = Release|Any CPU
		{3FDAFA9F-17F6-4B9A-9866-07F9D535A0B3}.Release|Any CPU.Build.0 = Release|Any CPU
	EndGlobalSection
	GlobalSection(SolutionProperties) = preSolution
		HideSolutionNode = FALSE
	EndGlobalSection
	GlobalSection(ExtensibilityGlobals) = postSolution
		SolutionGuid = {2F3494AF-3B1B-4C82-96D4-054D919B39BA}
	EndGlobalSection
EndGlobal
